
Microsoft Visual Studio Solution File, Format Version 12.00
# Visual Studio Version 17
VisualStudioVersion = 17.0.31612.314
MinimumVisualStudioVersion = 10.0.40219.1
Project("{9A19103F-16F7-4668-BE54-9A1E7A4F7556}") = "WebAPI", "WebAPI\WebAPI.csproj", "{FF038E71-D440-4B6E-A3E8-9D51813CD439}"
EndProject
Project("{FAE04EC0-301F-11D3-BF4B-00C04F79EFBC}") = "AuthApi", "AuthApi\AuthApi.csproj", "{0848F808-51B7-4A21-A5DE-EE7A257F6FF3}"
EndProject
Project("{FAE04EC0-301F-11D3-BF4B-00C04F79EFBC}") = "AuthCommon", "AuthCommon\AuthCommon.csproj", "{D18B267D-1145-4308-BB79-04F5EB8B9FB5}"
EndProject
Global
	GlobalSection(SolutionConfigurationPlatforms) = preSolution
		Debug|Any CPU = Debug|Any CPU
		Release|Any CPU = Release|Any CPU
	EndGlobalSection
	GlobalSection(ProjectConfigurationPlatforms) = postSolution
		{FF038E71-D440-4B6E-A3E8-9D51813CD439}.Debug|Any CPU.ActiveCfg = Debug|Any CPU
		{FF038E71-D440-4B6E-A3E8-9D51813CD439}.Debug|Any CPU.Build.0 = Debug|Any CPU
		{FF038E71-D440-4B6E-A3E8-9D51813CD439}.Release|Any CPU.ActiveCfg = Release|Any CPU
		{FF038E71-D440-4B6E-A3E8-9D51813CD439}.Release|Any CPU.Build.0 = Release|Any CPU
		{0848F808-51B7-4A21-A5DE-EE7A257F6FF3}.Debug|Any CPU.ActiveCfg = Debug|Any CPU
		{0848F808-51B7-4A21-A5DE-EE7A257F6FF3}.Debug|Any CPU.Build.0 = Debug|Any CPU
		{0848F808-51B7-4A21-A5DE-EE7A257F6FF3}.Release|Any CPU.ActiveCfg = Release|Any CPU
		{0848F808-51B7-4A21-A5DE-EE7A257F6FF3}.Release|Any CPU.Build.0 = Release|Any CPU
		{D18B267D-1145-4308-BB79-04F5EB8B9FB5}.Debug|Any CPU.ActiveCfg = Debug|Any CPU
		{D18B267D-1145-4308-BB79-04F5EB8B9FB5}.Debug|Any CPU.Build.0 = Debug|Any CPU
		{D18B267D-1145-4308-BB79-04F5EB8B9FB5}.Release|Any CPU.ActiveCfg = Release|Any CPU
		{D18B267D-1145-4308-BB79-04F5EB8B9FB5}.Release|Any CPU.Build.0 = Release|Any CPU
	EndGlobalSection
	GlobalSection(SolutionProperties) = preSolution
		HideSolutionNode = FALSE
	EndGlobalSection
	GlobalSection(ExtensibilityGlobals) = postSolution
		SolutionGuid = {02098475-15D4-4A70-91F2-84422A025C1C}
	EndGlobalSection
EndGlobal
